
Microsoft Visual Studio Solution File, Format Version 12.00
# Visual Studio Version 17
VisualStudioVersion = 17.5.33516.290
MinimumVisualStudioVersion = 10.0.40219.1
Project("{FAE04EC0-301F-11D3-BF4B-00C04F79EFBC}") = "Domain", "Domain\Domain.csproj", "{8EE31A22-46A5-4CDB-9896-6F640F350015}"
EndProject
Project("{FAE04EC0-301F-11D3-BF4B-00C04F79EFBC}") = "Application", "Application\Application.csproj", "{A753CFAF-581F-4148-A4E5-B07F0D1D0ECC}"
EndProject
Project("{FAE04EC0-301F-11D3-BF4B-00C04F79EFBC}") = "Infrastructure", "Infrastructure\Infrastructure.csproj", "{179D4039-FA4F-4B96-8F4C-6796687B55B2}"
EndProject
Project("{FAE04EC0-301F-11D3-BF4B-00C04F79EFBC}") = "Query", "Query\Query.csproj", "{9C345EBC-D16B-46DE-9C9B-4ECD7112F005}"
EndProject
Project("{FAE04EC0-301F-11D3-BF4B-00C04F79EFBC}") = "Presentation.Facade", "Presentation.Facade\Presentation.Facade.csproj", "{10482409-DE83-47D2-BB72-937C28005B6F}"
EndProject
Global
	GlobalSection(SolutionConfigurationPlatforms) = preSolution
		Debug|Any CPU = Debug|Any CPU
		Release|Any CPU = Release|Any CPU
	EndGlobalSection
	GlobalSection(ProjectConfigurationPlatforms) = postSolution
		{8EE31A22-46A5-4CDB-9896-6F640F350015}.Debug|Any CPU.ActiveCfg = Debug|Any CPU
		{8EE31A22-46A5-4CDB-9896-6F640F350015}.Debug|Any CPU.Build.0 = Debug|Any CPU
		{8EE31A22-46A5-4CDB-9896-6F640F350015}.Release|Any CPU.ActiveCfg = Release|Any CPU
		{8EE31A22-46A5-4CDB-9896-6F640F350015}.Release|Any CPU.Build.0 = Release|Any CPU
		{A753CFAF-581F-4148-A4E5-B07F0D1D0ECC}.Debug|Any CPU.ActiveCfg = Debug|Any CPU
		{A753CFAF-581F-4148-A4E5-B07F0D1D0ECC}.Debug|Any CPU.Build.0 = Debug|Any CPU
		{A753CFAF-581F-4148-A4E5-B07F0D1D0ECC}.Release|Any CPU.ActiveCfg = Release|Any CPU
		{A753CFAF-581F-4148-A4E5-B07F0D1D0ECC}.Release|Any CPU.Build.0 = Release|Any CPU
		{179D4039-FA4F-4B96-8F4C-6796687B55B2}.Debug|Any CPU.ActiveCfg = Debug|Any CPU
		{179D4039-FA4F-4B96-8F4C-6796687B55B2}.Debug|Any CPU.Build.0 = Debug|Any CPU
		{179D4039-FA4F-4B96-8F4C-6796687B55B2}.Release|Any CPU.ActiveCfg = Release|Any CPU
		{179D4039-FA4F-4B96-8F4C-6796687B55B2}.Release|Any CPU.Build.0 = Release|Any CPU
		{9C345EBC-D16B-46DE-9C9B-4ECD7112F005}.Debug|Any CPU.ActiveCfg = Debug|Any CPU
		{9C345EBC-D16B-46DE-9C9B-4ECD7112F005}.Debug|Any CPU.Build.0 = Debug|Any CPU
		{9C345EBC-D16B-46DE-9C9B-4ECD7112F005}.Release|Any CPU.ActiveCfg = Release|Any CPU
		{9C345EBC-D16B-46DE-9C9B-4ECD7112F005}.Release|Any CPU.Build.0 = Release|Any CPU
		{10482409-DE83-47D2-BB72-937C28005B6F}.Debug|Any CPU.ActiveCfg = Debug|Any CPU
		{10482409-DE83-47D2-BB72-937C28005B6F}.Debug|Any CPU.Build.0 = Debug|Any CPU
		{10482409-DE83-47D2-BB72-937C28005B6F}.Release|Any CPU.ActiveCfg = Release|Any CPU
		{10482409-DE83-47D2-BB72-937C28005B6F}.Release|Any CPU.Build.0 = Release|Any CPU
	EndGlobalSection
	GlobalSection(SolutionProperties) = preSolution
		HideSolutionNode = FALSE
	EndGlobalSection
	GlobalSection(ExtensibilityGlobals) = postSolution
		SolutionGuid = {5D267025-02F3-487A-8A11-A9EF6B1FBA9D}
	EndGlobalSection
EndGlobal
