
Microsoft Visual Studio Solution File, Format Version 12.00
# Visual Studio Version 17
VisualStudioVersion = 17.5.33516.290
MinimumVisualStudioVersion = 10.0.40219.1
Project("{9A19103F-16F7-4668-BE54-9A1E7A4F7556}") = "Domain", "Domain\Domain.csproj", "{8EE31A22-46A5-4CDB-9896-6F640F350015}"
EndProject
Project("{9A19103F-16F7-4668-BE54-9A1E7A4F7556}") = "Infrastructure", "Infrastructure\Infrastructure.csproj", "{179D4039-FA4F-4B96-8F4C-6796687B55B2}"
EndProject
Project("{9A19103F-16F7-4668-BE54-9A1E7A4F7556}") = "Query", "Query\Query.csproj", "{9C345EBC-D16B-46DE-9C9B-4ECD7112F005}"
EndProject
Project("{9A19103F-16F7-4668-BE54-9A1E7A4F7556}") = "Presentation.Facade", "Presentation.Facade\Presentation.Facade.csproj", "{10482409-DE83-47D2-BB72-937C28005B6F}"
EndProject
Project("{2150E333-8FDC-42A3-9474-1A3956D46DE8}") = "Common", "Common", "{E41ABC2E-E114-4313-BB5C-BE966E3E1D4C}"
EndProject
Project("{9A19103F-16F7-4668-BE54-9A1E7A4F7556}") = "Common.Application", "Common\Common.Application\Common.Application.csproj", "{CF84A28D-0D63-4EB6-80CF-7DEDFADD2763}"
EndProject
Project("{9A19103F-16F7-4668-BE54-9A1E7A4F7556}") = "Application", "Application\Application.csproj", "{0A362AC3-E060-4A91-B42E-2BDC803FBBDD}"
EndProject
Project("{9A19103F-16F7-4668-BE54-9A1E7A4F7556}") = "Common.Domian", "Common\Common.Domian\Common.Domian.csproj", "{4DC43231-8BF2-4D46-A5D0-8554D20A8017}"
EndProject
Project("{9A19103F-16F7-4668-BE54-9A1E7A4F7556}") = "Common.Query", "Common\Common.Query\Common.Query.csproj", "{D1BC05E2-593C-4BB2-8702-74FDB58D7B42}"
EndProject
Project("{9A19103F-16F7-4668-BE54-9A1E7A4F7556}") = "Config", "Config\Config.csproj", "{011D9ED9-813F-4039-BF70-D02D86F6104D}"
EndProject
Project("{2150E333-8FDC-42A3-9474-1A3956D46DE8}") = "EndPoints", "EndPoints", "{D21823FF-999D-4A94-A31D-D8D0A8C38D5B}"
EndProject
Project("{9A19103F-16F7-4668-BE54-9A1E7A4F7556}") = "ShopApi", "EndPoints\ShopApi\ShopApi.csproj", "{5C930EB7-CE74-40E6-B582-A883EB07008A}"
EndProject
Project("{FAE04EC0-301F-11D3-BF4B-00C04F79EFBC}") = "Common.AspNetCore", "Common\Common.AspNetCore\Common.AspNetCore.csproj", "{ED98B1AE-54BF-4F28-85C7-4BB7ADBD3692}"
EndProject
Global
	GlobalSection(SolutionConfigurationPlatforms) = preSolution
		Debug|Any CPU = Debug|Any CPU
		Release|Any CPU = Release|Any CPU
	EndGlobalSection
	GlobalSection(ProjectConfigurationPlatforms) = postSolution
		{8EE31A22-46A5-4CDB-9896-6F640F350015}.Debug|Any CPU.ActiveCfg = Debug|Any CPU
		{8EE31A22-46A5-4CDB-9896-6F640F350015}.Debug|Any CPU.Build.0 = Debug|Any CPU
		{8EE31A22-46A5-4CDB-9896-6F640F350015}.Release|Any CPU.ActiveCfg = Release|Any CPU
		{8EE31A22-46A5-4CDB-9896-6F640F350015}.Release|Any CPU.Build.0 = Release|Any CPU
		{179D4039-FA4F-4B96-8F4C-6796687B55B2}.Debug|Any CPU.ActiveCfg = Debug|Any CPU
		{179D4039-FA4F-4B96-8F4C-6796687B55B2}.Debug|Any CPU.Build.0 = Debug|Any CPU
		{179D4039-FA4F-4B96-8F4C-6796687B55B2}.Release|Any CPU.ActiveCfg = Release|Any CPU
		{179D4039-FA4F-4B96-8F4C-6796687B55B2}.Release|Any CPU.Build.0 = Release|Any CPU
		{9C345EBC-D16B-46DE-9C9B-4ECD7112F005}.Debug|Any CPU.ActiveCfg = Debug|Any CPU
		{9C345EBC-D16B-46DE-9C9B-4ECD7112F005}.Debug|Any CPU.Build.0 = Debug|Any CPU
		{9C345EBC-D16B-46DE-9C9B-4ECD7112F005}.Release|Any CPU.ActiveCfg = Release|Any CPU
		{9C345EBC-D16B-46DE-9C9B-4ECD7112F005}.Release|Any CPU.Build.0 = Release|Any CPU
		{10482409-DE83-47D2-BB72-937C28005B6F}.Debug|Any CPU.ActiveCfg = Debug|Any CPU
		{10482409-DE83-47D2-BB72-937C28005B6F}.Debug|Any CPU.Build.0 = Debug|Any CPU
		{10482409-DE83-47D2-BB72-937C28005B6F}.Release|Any CPU.ActiveCfg = Release|Any CPU
		{10482409-DE83-47D2-BB72-937C28005B6F}.Release|Any CPU.Build.0 = Release|Any CPU
		{CF84A28D-0D63-4EB6-80CF-7DEDFADD2763}.Debug|Any CPU.ActiveCfg = Debug|Any CPU
		{CF84A28D-0D63-4EB6-80CF-7DEDFADD2763}.Debug|Any CPU.Build.0 = Debug|Any CPU
		{CF84A28D-0D63-4EB6-80CF-7DEDFADD2763}.Release|Any CPU.ActiveCfg = Release|Any CPU
		{CF84A28D-0D63-4EB6-80CF-7DEDFADD2763}.Release|Any CPU.Build.0 = Release|Any CPU
		{0A362AC3-E060-4A91-B42E-2BDC803FBBDD}.Debug|Any CPU.ActiveCfg = Debug|Any CPU
		{0A362AC3-E060-4A91-B42E-2BDC803FBBDD}.Debug|Any CPU.Build.0 = Debug|Any CPU
		{0A362AC3-E060-4A91-B42E-2BDC803FBBDD}.Release|Any CPU.ActiveCfg = Release|Any CPU
		{0A362AC3-E060-4A91-B42E-2BDC803FBBDD}.Release|Any CPU.Build.0 = Release|Any CPU
		{4DC43231-8BF2-4D46-A5D0-8554D20A8017}.Debug|Any CPU.ActiveCfg = Debug|Any CPU
		{4DC43231-8BF2-4D46-A5D0-8554D20A8017}.Debug|Any CPU.Build.0 = Debug|Any CPU
		{4DC43231-8BF2-4D46-A5D0-8554D20A8017}.Release|Any CPU.ActiveCfg = Release|Any CPU
		{4DC43231-8BF2-4D46-A5D0-8554D20A8017}.Release|Any CPU.Build.0 = Release|Any CPU
		{D1BC05E2-593C-4BB2-8702-74FDB58D7B42}.Debug|Any CPU.ActiveCfg = Debug|Any CPU
		{D1BC05E2-593C-4BB2-8702-74FDB58D7B42}.Debug|Any CPU.Build.0 = Debug|Any CPU
		{D1BC05E2-593C-4BB2-8702-74FDB58D7B42}.Release|Any CPU.ActiveCfg = Release|Any CPU
		{D1BC05E2-593C-4BB2-8702-74FDB58D7B42}.Release|Any CPU.Build.0 = Release|Any CPU
		{011D9ED9-813F-4039-BF70-D02D86F6104D}.Debug|Any CPU.ActiveCfg = Debug|Any CPU
		{011D9ED9-813F-4039-BF70-D02D86F6104D}.Debug|Any CPU.Build.0 = Debug|Any CPU
		{011D9ED9-813F-4039-BF70-D02D86F6104D}.Release|Any CPU.ActiveCfg = Release|Any CPU
		{011D9ED9-813F-4039-BF70-D02D86F6104D}.Release|Any CPU.Build.0 = Release|Any CPU
		{5C930EB7-CE74-40E6-B582-A883EB07008A}.Debug|Any CPU.ActiveCfg = Debug|Any CPU
		{5C930EB7-CE74-40E6-B582-A883EB07008A}.Debug|Any CPU.Build.0 = Debug|Any CPU
		{5C930EB7-CE74-40E6-B582-A883EB07008A}.Release|Any CPU.ActiveCfg = Release|Any CPU
		{5C930EB7-CE74-40E6-B582-A883EB07008A}.Release|Any CPU.Build.0 = Release|Any CPU
		{ED98B1AE-54BF-4F28-85C7-4BB7ADBD3692}.Debug|Any CPU.ActiveCfg = Debug|Any CPU
		{ED98B1AE-54BF-4F28-85C7-4BB7ADBD3692}.Debug|Any CPU.Build.0 = Debug|Any CPU
		{ED98B1AE-54BF-4F28-85C7-4BB7ADBD3692}.Release|Any CPU.ActiveCfg = Release|Any CPU
		{ED98B1AE-54BF-4F28-85C7-4BB7ADBD3692}.Release|Any CPU.Build.0 = Release|Any CPU
	EndGlobalSection
	GlobalSection(SolutionProperties) = preSolution
		HideSolutionNode = FALSE
	EndGlobalSection
	GlobalSection(NestedProjects) = preSolution
		{CF84A28D-0D63-4EB6-80CF-7DEDFADD2763} = {E41ABC2E-E114-4313-BB5C-BE966E3E1D4C}
		{4DC43231-8BF2-4D46-A5D0-8554D20A8017} = {E41ABC2E-E114-4313-BB5C-BE966E3E1D4C}
		{D1BC05E2-593C-4BB2-8702-74FDB58D7B42} = {E41ABC2E-E114-4313-BB5C-BE966E3E1D4C}
		{5C930EB7-CE74-40E6-B582-A883EB07008A} = {D21823FF-999D-4A94-A31D-D8D0A8C38D5B}
		{ED98B1AE-54BF-4F28-85C7-4BB7ADBD3692} = {E41ABC2E-E114-4313-BB5C-BE966E3E1D4C}
	EndGlobalSection
	GlobalSection(ExtensibilityGlobals) = postSolution
		SolutionGuid = {5D267025-02F3-487A-8A11-A9EF6B1FBA9D}
	EndGlobalSection
EndGlobal
